
Microsoft Visual Studio Solution File, Format Version 12.00
# Visual Studio Version 17
VisualStudioVersion = 17.0.31912.275
MinimumVisualStudioVersion = 10.0.40219.1
Project("{6EC3EE1D-3C4E-46DD-8F32-0CC8E7565705}") = "AdventOfCode23.Day00", "AdventOfCode23.Day00\AdventOfCode23.Day00.fsproj", "{DC05F03D-55C5-413B-8C3A-CEB9A122FFD4}"
EndProject
Project("{6EC3EE1D-3C4E-46DD-8F32-0CC8E7565705}") = "AdventOfCode23.Day01", "AdventOfCode23.Day01\AdventOfCode23.Day01.fsproj", "{E20DAC4C-870D-4920-B5BF-A0C7248CFAAC}"
EndProject
Project("{6EC3EE1D-3C4E-46DD-8F32-0CC8E7565705}") = "AdventOfCode23.Day02", "AdventOfCode23.Day02\AdventOfCode23.Day02.fsproj", "{12BE7FBA-A0D6-449C-9749-ACBD04435A02}"
EndProject
Project("{6EC3EE1D-3C4E-46DD-8F32-0CC8E7565705}") = "AdventOfCode23.Day03", "AdventOfCode23.Day03\AdventOfCode23.Day03.fsproj", "{EFDDC208-C40D-417C-A577-3A58EE817F63}"
EndProject
Project("{6EC3EE1D-3C4E-46DD-8F32-0CC8E7565705}") = "AdventOfCode23.Day04", "AdventOfCode23.Day04\AdventOfCode23.Day04.fsproj", "{E30F1E30-9F8D-40B0-AA0F-C819CFB67822}"
EndProject
Project("{6EC3EE1D-3C4E-46DD-8F32-0CC8E7565705}") = "AdventOfCode23.Day05", "AdventOfCode23.Day05\AdventOfCode23.Day05.fsproj", "{58C6B108-4860-4EA7-A121-5127B26360B8}"
EndProject
Global
	GlobalSection(SolutionConfigurationPlatforms) = preSolution
		Debug|Any CPU = Debug|Any CPU
		Release|Any CPU = Release|Any CPU
	EndGlobalSection
	GlobalSection(ProjectConfigurationPlatforms) = postSolution
		{DC05F03D-55C5-413B-8C3A-CEB9A122FFD4}.Debug|Any CPU.ActiveCfg = Debug|Any CPU
		{DC05F03D-55C5-413B-8C3A-CEB9A122FFD4}.Debug|Any CPU.Build.0 = Debug|Any CPU
		{DC05F03D-55C5-413B-8C3A-CEB9A122FFD4}.Release|Any CPU.ActiveCfg = Release|Any CPU
		{DC05F03D-55C5-413B-8C3A-CEB9A122FFD4}.Release|Any CPU.Build.0 = Release|Any CPU
		{E20DAC4C-870D-4920-B5BF-A0C7248CFAAC}.Debug|Any CPU.ActiveCfg = Debug|Any CPU
		{E20DAC4C-870D-4920-B5BF-A0C7248CFAAC}.Debug|Any CPU.Build.0 = Debug|Any CPU
		{E20DAC4C-870D-4920-B5BF-A0C7248CFAAC}.Release|Any CPU.ActiveCfg = Release|Any CPU
		{E20DAC4C-870D-4920-B5BF-A0C7248CFAAC}.Release|Any CPU.Build.0 = Release|Any CPU
		{12BE7FBA-A0D6-449C-9749-ACBD04435A02}.Debug|Any CPU.ActiveCfg = Debug|Any CPU
		{12BE7FBA-A0D6-449C-9749-ACBD04435A02}.Debug|Any CPU.Build.0 = Debug|Any CPU
		{12BE7FBA-A0D6-449C-9749-ACBD04435A02}.Release|Any CPU.ActiveCfg = Release|Any CPU
		{12BE7FBA-A0D6-449C-9749-ACBD04435A02}.Release|Any CPU.Build.0 = Release|Any CPU
		{EFDDC208-C40D-417C-A577-3A58EE817F63}.Debug|Any CPU.ActiveCfg = Debug|Any CPU
		{EFDDC208-C40D-417C-A577-3A58EE817F63}.Debug|Any CPU.Build.0 = Debug|Any CPU
		{EFDDC208-C40D-417C-A577-3A58EE817F63}.Release|Any CPU.ActiveCfg = Release|Any CPU
		{EFDDC208-C40D-417C-A577-3A58EE817F63}.Release|Any CPU.Build.0 = Release|Any CPU
		{E30F1E30-9F8D-40B0-AA0F-C819CFB67822}.Debug|Any CPU.ActiveCfg = Debug|Any CPU
		{E30F1E30-9F8D-40B0-AA0F-C819CFB67822}.Debug|Any CPU.Build.0 = Debug|Any CPU
		{E30F1E30-9F8D-40B0-AA0F-C819CFB67822}.Release|Any CPU.ActiveCfg = Release|Any CPU
		{E30F1E30-9F8D-40B0-AA0F-C819CFB67822}.Release|Any CPU.Build.0 = Release|Any CPU
		{58C6B108-4860-4EA7-A121-5127B26360B8}.Debug|Any CPU.ActiveCfg = Debug|Any CPU
		{58C6B108-4860-4EA7-A121-5127B26360B8}.Debug|Any CPU.Build.0 = Debug|Any CPU
		{58C6B108-4860-4EA7-A121-5127B26360B8}.Release|Any CPU.ActiveCfg = Release|Any CPU
		{58C6B108-4860-4EA7-A121-5127B26360B8}.Release|Any CPU.Build.0 = Release|Any CPU
	EndGlobalSection
	GlobalSection(SolutionProperties) = preSolution
		HideSolutionNode = FALSE
	EndGlobalSection
	GlobalSection(ExtensibilityGlobals) = postSolution
		SolutionGuid = {DF883B81-3473-44FB-93B5-4956410571B2}
	EndGlobalSection
EndGlobal
