
Microsoft Visual Studio Solution File, Format Version 12.00
# Visual Studio Version 17
VisualStudioVersion = 17.0.31912.275
MinimumVisualStudioVersion = 10.0.40219.1
Project("{6EC3EE1D-3C4E-46DD-8F32-0CC8E7565705}") = "AdventOfCode21.Day1", "AdventOfCode21.Day1\AdventOfCode21.Day1.fsproj", "{4050554E-DB9D-418B-8CF4-A298A5279E1A}"
EndProject
Project("{6EC3EE1D-3C4E-46DD-8F32-0CC8E7565705}") = "AdventOfCode21.Day2", "AdventOfCode21.Day2\AdventOfCode21.Day2.fsproj", "{1F04025F-2982-44AD-B2AC-BABB87358490}"
EndProject
Project("{6EC3EE1D-3C4E-46DD-8F32-0CC8E7565705}") = "AdventOfCode21.Day3", "AdventOfCode21.Day3\AdventOfCode21.Day3.fsproj", "{B18B39BC-B28C-4FED-86BA-9DABEDFBD84C}"
EndProject
Project("{6EC3EE1D-3C4E-46DD-8F32-0CC8E7565705}") = "AdventOfCode21.Day4", "AdventOfCode21.Day4\AdventOfCode21.Day4.fsproj", "{B2057AE2-38BC-4828-A5C2-971AD1A9AE66}"
EndProject
Project("{6EC3EE1D-3C4E-46DD-8F32-0CC8E7565705}") = "AdventOfCode21.Day5", "AdventOfCode21.Day5\AdventOfCode21.Day5.fsproj", "{7E5B3B03-C4B7-4EBF-AEE9-44B26BBDA2F1}"
EndProject
Project("{F2A71F9B-5D33-465A-A702-920D77279786}") = "AdventOfCode21.Day6", "AdventOfCode21.Day6\AdventOfCode21.Day6.fsproj", "{F6220873-4B8E-49F6-B593-AB79751ACA4E}"
EndProject
Project("{6EC3EE1D-3C4E-46DD-8F32-0CC8E7565705}") = "AdventOfCode21.Day7", "AdventOfCode21.Day7\AdventOfCode21.Day7.fsproj", "{3DEBF733-4C08-45DB-8886-4FBA3C6F3A01}"
EndProject
Project("{6EC3EE1D-3C4E-46DD-8F32-0CC8E7565705}") = "AdventOfCode21.Day8", "AdventOfCode21.Day8\AdventOfCode21.Day8.fsproj", "{BA1A9F73-1EB3-40EA-AAF3-1F9F757E4D0E}"
EndProject
Global
	GlobalSection(SolutionConfigurationPlatforms) = preSolution
		Debug|Any CPU = Debug|Any CPU
		Release|Any CPU = Release|Any CPU
	EndGlobalSection
	GlobalSection(ProjectConfigurationPlatforms) = postSolution
		{4050554E-DB9D-418B-8CF4-A298A5279E1A}.Debug|Any CPU.ActiveCfg = Debug|Any CPU
		{4050554E-DB9D-418B-8CF4-A298A5279E1A}.Debug|Any CPU.Build.0 = Debug|Any CPU
		{4050554E-DB9D-418B-8CF4-A298A5279E1A}.Release|Any CPU.ActiveCfg = Release|Any CPU
		{4050554E-DB9D-418B-8CF4-A298A5279E1A}.Release|Any CPU.Build.0 = Release|Any CPU
		{1F04025F-2982-44AD-B2AC-BABB87358490}.Debug|Any CPU.ActiveCfg = Debug|Any CPU
		{1F04025F-2982-44AD-B2AC-BABB87358490}.Debug|Any CPU.Build.0 = Debug|Any CPU
		{1F04025F-2982-44AD-B2AC-BABB87358490}.Release|Any CPU.ActiveCfg = Release|Any CPU
		{1F04025F-2982-44AD-B2AC-BABB87358490}.Release|Any CPU.Build.0 = Release|Any CPU
		{B18B39BC-B28C-4FED-86BA-9DABEDFBD84C}.Debug|Any CPU.ActiveCfg = Debug|Any CPU
		{B18B39BC-B28C-4FED-86BA-9DABEDFBD84C}.Debug|Any CPU.Build.0 = Debug|Any CPU
		{B18B39BC-B28C-4FED-86BA-9DABEDFBD84C}.Release|Any CPU.ActiveCfg = Release|Any CPU
		{B18B39BC-B28C-4FED-86BA-9DABEDFBD84C}.Release|Any CPU.Build.0 = Release|Any CPU
		{B2057AE2-38BC-4828-A5C2-971AD1A9AE66}.Debug|Any CPU.ActiveCfg = Debug|Any CPU
		{B2057AE2-38BC-4828-A5C2-971AD1A9AE66}.Debug|Any CPU.Build.0 = Debug|Any CPU
		{B2057AE2-38BC-4828-A5C2-971AD1A9AE66}.Release|Any CPU.ActiveCfg = Release|Any CPU
		{B2057AE2-38BC-4828-A5C2-971AD1A9AE66}.Release|Any CPU.Build.0 = Release|Any CPU
		{7E5B3B03-C4B7-4EBF-AEE9-44B26BBDA2F1}.Debug|Any CPU.ActiveCfg = Debug|Any CPU
		{7E5B3B03-C4B7-4EBF-AEE9-44B26BBDA2F1}.Debug|Any CPU.Build.0 = Debug|Any CPU
		{7E5B3B03-C4B7-4EBF-AEE9-44B26BBDA2F1}.Release|Any CPU.ActiveCfg = Release|Any CPU
		{7E5B3B03-C4B7-4EBF-AEE9-44B26BBDA2F1}.Release|Any CPU.Build.0 = Release|Any CPU
		{F6220873-4B8E-49F6-B593-AB79751ACA4E}.Debug|Any CPU.ActiveCfg = Debug|Any CPU
		{F6220873-4B8E-49F6-B593-AB79751ACA4E}.Debug|Any CPU.Build.0 = Debug|Any CPU
		{F6220873-4B8E-49F6-B593-AB79751ACA4E}.Release|Any CPU.ActiveCfg = Release|Any CPU
		{F6220873-4B8E-49F6-B593-AB79751ACA4E}.Release|Any CPU.Build.0 = Release|Any CPU
		{3DEBF733-4C08-45DB-8886-4FBA3C6F3A01}.Debug|Any CPU.ActiveCfg = Debug|Any CPU
		{3DEBF733-4C08-45DB-8886-4FBA3C6F3A01}.Debug|Any CPU.Build.0 = Debug|Any CPU
		{3DEBF733-4C08-45DB-8886-4FBA3C6F3A01}.Release|Any CPU.ActiveCfg = Release|Any CPU
		{3DEBF733-4C08-45DB-8886-4FBA3C6F3A01}.Release|Any CPU.Build.0 = Release|Any CPU
		{BA1A9F73-1EB3-40EA-AAF3-1F9F757E4D0E}.Debug|Any CPU.ActiveCfg = Debug|Any CPU
		{BA1A9F73-1EB3-40EA-AAF3-1F9F757E4D0E}.Debug|Any CPU.Build.0 = Debug|Any CPU
		{BA1A9F73-1EB3-40EA-AAF3-1F9F757E4D0E}.Release|Any CPU.ActiveCfg = Release|Any CPU
		{BA1A9F73-1EB3-40EA-AAF3-1F9F757E4D0E}.Release|Any CPU.Build.0 = Release|Any CPU
	EndGlobalSection
	GlobalSection(SolutionProperties) = preSolution
		HideSolutionNode = FALSE
	EndGlobalSection
	GlobalSection(ExtensibilityGlobals) = postSolution
		SolutionGuid = {DF883B81-3473-44FB-93B5-4956410571B2}
	EndGlobalSection
EndGlobal
